// !$*UTF8*$!
{
	archiveVersion = 1;
	classes = {
	};
	objectVersion = 51;
	objects = {

/* Begin PBXBuildFile section */
		66D63FA48744D9D10018F131 /* Pods_AWMTest01Tests.framework in Frameworks */ = {isa = PBXBuildFile; fileRef = 8F61B105A33212C6E0309C54 /* Pods_AWMTest01Tests.framework */; };
		C58ABE4AAF29DA3D861A1D2E /* Pods_AWMTest01.framework in Frameworks */ = {isa = PBXBuildFile; fileRef = E450DA8636A99DF0DEE28665 /* Pods_AWMTest01.framework */; };
		F24DDD14236A1D7C00E3789A /* SettingsTableVC.swift in Sources */ = {isa = PBXBuildFile; fileRef = F24DDD13236A1D7C00E3789A /* SettingsTableVC.swift */; };
		F24DF4F12333C0E50006AC85 /* SignInVC.swift in Sources */ = {isa = PBXBuildFile; fileRef = F24DF4F02333C0E50006AC85 /* SignInVC.swift */; };
		F24DF4F32333C1120006AC85 /* SignUpVC.swift in Sources */ = {isa = PBXBuildFile; fileRef = F24DF4F22333C1120006AC85 /* SignUpVC.swift */; };
		F24DF4F52333C1310006AC85 /* SignOutVC.swift in Sources */ = {isa = PBXBuildFile; fileRef = F24DF4F42333C1310006AC85 /* SignOutVC.swift */; };
		F251A3EC2344F4DE00098032 /* BaseDeDatos.swift in Sources */ = {isa = PBXBuildFile; fileRef = F251A3EB2344F4DE00098032 /* BaseDeDatos.swift */; };
		F26E0CE523842B7C0026E109 /* LightMQTT.swift in Sources */ = {isa = PBXBuildFile; fileRef = F26E0CE423842B7C0026E109 /* LightMQTT.swift */; };
		F288A16F23687DA7003970C5 /* TestMQTT.swift in Sources */ = {isa = PBXBuildFile; fileRef = F288A16E23687DA7003970C5 /* TestMQTT.swift */; };
		F294037A236CD44F009D49F2 /* ConfiguracionDispositivo.swift in Sources */ = {isa = PBXBuildFile; fileRef = F2940379236CD44F009D49F2 /* ConfiguracionDispositivo.swift */; };
		F29FA00523314C5B0049B7FC /* NotificationCenter.framework in Frameworks */ = {isa = PBXBuildFile; fileRef = F29FA00423314C5B0049B7FC /* NotificationCenter.framework */; };
		F29FA00823314C5B0049B7FC /* TodayViewController.swift in Sources */ = {isa = PBXBuildFile; fileRef = F29FA00723314C5B0049B7FC /* TodayViewController.swift */; };
		F29FA00B23314C5B0049B7FC /* MainInterface.storyboard in Resources */ = {isa = PBXBuildFile; fileRef = F29FA00923314C5B0049B7FC /* MainInterface.storyboard */; };
		F29FA00F23314C5B0049B7FC /* widget.appex in Embed App Extensions */ = {isa = PBXBuildFile; fileRef = F29FA00223314C5B0049B7FC /* widget.appex */; settings = {ATTRIBUTES = (RemoveHeadersOnCopy, ); }; };
		F2B238AA23282C1900F16C34 /* AppDelegate.swift in Sources */ = {isa = PBXBuildFile; fileRef = F2B238A923282C1900F16C34 /* AppDelegate.swift */; };
		F2B238AC23282C1900F16C34 /* FirstViewController.swift in Sources */ = {isa = PBXBuildFile; fileRef = F2B238AB23282C1900F16C34 /* FirstViewController.swift */; };
		F2B238AE23282C1900F16C34 /* SecondViewController.swift in Sources */ = {isa = PBXBuildFile; fileRef = F2B238AD23282C1900F16C34 /* SecondViewController.swift */; };
		F2B238B123282C1900F16C34 /* Main.storyboard in Resources */ = {isa = PBXBuildFile; fileRef = F2B238AF23282C1900F16C34 /* Main.storyboard */; };
		F2B238B323282C1A00F16C34 /* Assets.xcassets in Resources */ = {isa = PBXBuildFile; fileRef = F2B238B223282C1A00F16C34 /* Assets.xcassets */; };
		F2B238B623282C1A00F16C34 /* LaunchScreen.storyboard in Resources */ = {isa = PBXBuildFile; fileRef = F2B238B423282C1A00F16C34 /* LaunchScreen.storyboard */; };
		F2B238C123282C1A00F16C34 /* AWMTest01Tests.swift in Sources */ = {isa = PBXBuildFile; fileRef = F2B238C023282C1A00F16C34 /* AWMTest01Tests.swift */; };
		F2B238D0232840E200F16C34 /* ThirdViewController.swift in Sources */ = {isa = PBXBuildFile; fileRef = F2B238CF232840E200F16C34 /* ThirdViewController.swift */; };
		F2C562022360F9B600062B1F /* Extension.swift in Sources */ = {isa = PBXBuildFile; fileRef = F2C562012360F9B600062B1F /* Extension.swift */; };
		F2C562042360F9DF00062B1F /* MessageTableViewCell.swift in Sources */ = {isa = PBXBuildFile; fileRef = F2C562032360F9DF00062B1F /* MessageTableViewCell.swift */; };
		F2C562082360FA3700062B1F /* MqttManagerDelegate.swift in Sources */ = {isa = PBXBuildFile; fileRef = F2C562072360FA3700062B1F /* MqttManagerDelegate.swift */; };
		F2C5620A2360FA8C00062B1F /* MqttSettings.swift in Sources */ = {isa = PBXBuildFile; fileRef = F2C562092360FA8C00062B1F /* MqttSettings.swift */; };
		F2E5091C23391BBD00D6E53D /* GoogleService-Info.plist in Resources */ = {isa = PBXBuildFile; fileRef = F2E5091B23391BBD00D6E53D /* GoogleService-Info.plist */; };
		F2E5092423394CCC00D6E53D /* AlertController.swift in Sources */ = {isa = PBXBuildFile; fileRef = F2E5092323394CCC00D6E53D /* AlertController.swift */; };
		FC49D0A0E7510E6DEE1BF6C4 /* Pods_widget.framework in Frameworks */ = {isa = PBXBuildFile; fileRef = B1DB051A6B763576494C59D9 /* Pods_widget.framework */; };
/* End PBXBuildFile section */

/* Begin PBXContainerItemProxy section */
		F29FA00D23314C5B0049B7FC /* PBXContainerItemProxy */ = {
			isa = PBXContainerItemProxy;
			containerPortal = F2B2389E23282C1900F16C34 /* Project object */;
			proxyType = 1;
			remoteGlobalIDString = F29FA00123314C5B0049B7FC;
			remoteInfo = widget;
		};
		F2B238BD23282C1A00F16C34 /* PBXContainerItemProxy */ = {
			isa = PBXContainerItemProxy;
			containerPortal = F2B2389E23282C1900F16C34 /* Project object */;
			proxyType = 1;
			remoteGlobalIDString = F2B238A523282C1900F16C34;
			remoteInfo = AWMTest01;
		};
/* End PBXContainerItemProxy section */

/* Begin PBXCopyFilesBuildPhase section */
		F29FA01323314C5B0049B7FC /* Embed App Extensions */ = {
			isa = PBXCopyFilesBuildPhase;
			buildActionMask = 2147483647;
			dstPath = "";
			dstSubfolderSpec = 13;
			files = (
				F29FA00F23314C5B0049B7FC /* widget.appex in Embed App Extensions */,
			);
			name = "Embed App Extensions";
			runOnlyForDeploymentPostprocessing = 0;
		};
/* End PBXCopyFilesBuildPhase section */

/* Begin PBXFileReference section */
		1A63FFB9ED6D6E7482E1E8F8 /* Pods-AWMTest01.debug.xcconfig */ = {isa = PBXFileReference; includeInIndex = 1; lastKnownFileType = text.xcconfig; name = "Pods-AWMTest01.debug.xcconfig"; path = "Target Support Files/Pods-AWMTest01/Pods-AWMTest01.debug.xcconfig"; sourceTree = "<group>"; };
		8F61B105A33212C6E0309C54 /* Pods_AWMTest01Tests.framework */ = {isa = PBXFileReference; explicitFileType = wrapper.framework; includeInIndex = 0; path = Pods_AWMTest01Tests.framework; sourceTree = BUILT_PRODUCTS_DIR; };
		9A942B9FA2E3CA479B4D0783 /* Pods-AWMTest01Tests.release.xcconfig */ = {isa = PBXFileReference; includeInIndex = 1; lastKnownFileType = text.xcconfig; name = "Pods-AWMTest01Tests.release.xcconfig"; path = "Target Support Files/Pods-AWMTest01Tests/Pods-AWMTest01Tests.release.xcconfig"; sourceTree = "<group>"; };
		A1CF895C068931AA4592E796 /* Pods-AWMTest01.release.xcconfig */ = {isa = PBXFileReference; includeInIndex = 1; lastKnownFileType = text.xcconfig; name = "Pods-AWMTest01.release.xcconfig"; path = "Target Support Files/Pods-AWMTest01/Pods-AWMTest01.release.xcconfig"; sourceTree = "<group>"; };
		A820D8849F6190921D851694 /* Pods-widget.release.xcconfig */ = {isa = PBXFileReference; includeInIndex = 1; lastKnownFileType = text.xcconfig; name = "Pods-widget.release.xcconfig"; path = "Target Support Files/Pods-widget/Pods-widget.release.xcconfig"; sourceTree = "<group>"; };
		B1DB051A6B763576494C59D9 /* Pods_widget.framework */ = {isa = PBXFileReference; explicitFileType = wrapper.framework; includeInIndex = 0; path = Pods_widget.framework; sourceTree = BUILT_PRODUCTS_DIR; };
		D9F8A176AF6DC5285932D4CA /* Pods-widget.debug.xcconfig */ = {isa = PBXFileReference; includeInIndex = 1; lastKnownFileType = text.xcconfig; name = "Pods-widget.debug.xcconfig"; path = "Target Support Files/Pods-widget/Pods-widget.debug.xcconfig"; sourceTree = "<group>"; };
		E450DA8636A99DF0DEE28665 /* Pods_AWMTest01.framework */ = {isa = PBXFileReference; explicitFileType = wrapper.framework; includeInIndex = 0; path = Pods_AWMTest01.framework; sourceTree = BUILT_PRODUCTS_DIR; };
		EBF1B26AFA2F92FC4CF4D246 /* Pods-AWMTest01Tests.debug.xcconfig */ = {isa = PBXFileReference; includeInIndex = 1; lastKnownFileType = text.xcconfig; name = "Pods-AWMTest01Tests.debug.xcconfig"; path = "Target Support Files/Pods-AWMTest01Tests/Pods-AWMTest01Tests.debug.xcconfig"; sourceTree = "<group>"; };
		F24DDD13236A1D7C00E3789A /* SettingsTableVC.swift */ = {isa = PBXFileReference; lastKnownFileType = sourcecode.swift; path = SettingsTableVC.swift; sourceTree = "<group>"; };
		F24DF4F02333C0E50006AC85 /* SignInVC.swift */ = {isa = PBXFileReference; lastKnownFileType = sourcecode.swift; path = SignInVC.swift; sourceTree = "<group>"; };
		F24DF4F22333C1120006AC85 /* SignUpVC.swift */ = {isa = PBXFileReference; lastKnownFileType = sourcecode.swift; path = SignUpVC.swift; sourceTree = "<group>"; };
		F24DF4F42333C1310006AC85 /* SignOutVC.swift */ = {isa = PBXFileReference; lastKnownFileType = sourcecode.swift; path = SignOutVC.swift; sourceTree = "<group>"; };
		F251A3EB2344F4DE00098032 /* BaseDeDatos.swift */ = {isa = PBXFileReference; lastKnownFileType = sourcecode.swift; path = BaseDeDatos.swift; sourceTree = "<group>"; };
		F26E0CE423842B7C0026E109 /* LightMQTT.swift */ = {isa = PBXFileReference; fileEncoding = 4; lastKnownFileType = sourcecode.swift; name = LightMQTT.swift; path = "../../../../../Documents/LightMQTT-master/Sources/LightMQTT.swift"; sourceTree = "<group>"; };
		F283442F23341A5500E2122F /* FirebaseCore.framework */ = {isa = PBXFileReference; explicitFileType = wrapper.framework; path = FirebaseCore.framework; sourceTree = BUILT_PRODUCTS_DIR; };
		F283443123341A5C00E2122F /* FirebaseAuth.framework */ = {isa = PBXFileReference; explicitFileType = wrapper.framework; path = FirebaseAuth.framework; sourceTree = BUILT_PRODUCTS_DIR; };
		F288A16E23687DA7003970C5 /* TestMQTT.swift */ = {isa = PBXFileReference; lastKnownFileType = sourcecode.swift; path = TestMQTT.swift; sourceTree = "<group>"; };
		F2940379236CD44F009D49F2 /* ConfiguracionDispositivo.swift */ = {isa = PBXFileReference; lastKnownFileType = sourcecode.swift; path = ConfiguracionDispositivo.swift; sourceTree = "<group>"; };
		F29FA00223314C5B0049B7FC /* widget.appex */ = {isa = PBXFileReference; explicitFileType = "wrapper.app-extension"; includeInIndex = 0; path = widget.appex; sourceTree = BUILT_PRODUCTS_DIR; };
		F29FA00423314C5B0049B7FC /* NotificationCenter.framework */ = {isa = PBXFileReference; lastKnownFileType = wrapper.framework; name = NotificationCenter.framework; path = System/Library/Frameworks/NotificationCenter.framework; sourceTree = SDKROOT; };
		F29FA00723314C5B0049B7FC /* TodayViewController.swift */ = {isa = PBXFileReference; lastKnownFileType = sourcecode.swift; path = TodayViewController.swift; sourceTree = "<group>"; };
		F29FA00A23314C5B0049B7FC /* Base */ = {isa = PBXFileReference; lastKnownFileType = file.storyboard; name = Base; path = Base.lproj/MainInterface.storyboard; sourceTree = "<group>"; };
		F29FA00C23314C5B0049B7FC /* Info.plist */ = {isa = PBXFileReference; lastKnownFileType = text.plist.xml; path = Info.plist; sourceTree = "<group>"; };
		F2B238A623282C1900F16C34 /* AWMTest01.app */ = {isa = PBXFileReference; explicitFileType = wrapper.application; includeInIndex = 0; path = AWMTest01.app; sourceTree = BUILT_PRODUCTS_DIR; };
		F2B238A923282C1900F16C34 /* AppDelegate.swift */ = {isa = PBXFileReference; lastKnownFileType = sourcecode.swift; path = AppDelegate.swift; sourceTree = "<group>"; };
		F2B238AB23282C1900F16C34 /* FirstViewController.swift */ = {isa = PBXFileReference; lastKnownFileType = sourcecode.swift; path = FirstViewController.swift; sourceTree = "<group>"; };
		F2B238AD23282C1900F16C34 /* SecondViewController.swift */ = {isa = PBXFileReference; lastKnownFileType = sourcecode.swift; path = SecondViewController.swift; sourceTree = "<group>"; };
		F2B238B023282C1900F16C34 /* Base */ = {isa = PBXFileReference; lastKnownFileType = file.storyboard; name = Base; path = Base.lproj/Main.storyboard; sourceTree = "<group>"; };
		F2B238B223282C1A00F16C34 /* Assets.xcassets */ = {isa = PBXFileReference; lastKnownFileType = folder.assetcatalog; path = Assets.xcassets; sourceTree = "<group>"; };
		F2B238B523282C1A00F16C34 /* Base */ = {isa = PBXFileReference; lastKnownFileType = file.storyboard; name = Base; path = Base.lproj/LaunchScreen.storyboard; sourceTree = "<group>"; };
		F2B238B723282C1A00F16C34 /* Info.plist */ = {isa = PBXFileReference; lastKnownFileType = text.plist.xml; path = Info.plist; sourceTree = "<group>"; };
		F2B238BC23282C1A00F16C34 /* AWMTest01Tests.xctest */ = {isa = PBXFileReference; explicitFileType = wrapper.cfbundle; includeInIndex = 0; path = AWMTest01Tests.xctest; sourceTree = BUILT_PRODUCTS_DIR; };
		F2B238C023282C1A00F16C34 /* AWMTest01Tests.swift */ = {isa = PBXFileReference; lastKnownFileType = sourcecode.swift; path = AWMTest01Tests.swift; sourceTree = "<group>"; };
		F2B238C223282C1A00F16C34 /* Info.plist */ = {isa = PBXFileReference; lastKnownFileType = text.plist.xml; path = Info.plist; sourceTree = "<group>"; };
		F2B238CF232840E200F16C34 /* ThirdViewController.swift */ = {isa = PBXFileReference; lastKnownFileType = sourcecode.swift; path = ThirdViewController.swift; sourceTree = "<group>"; };
		F2B238D2232843C700F16C34 /* en */ = {isa = PBXFileReference; lastKnownFileType = text.plist.strings; name = en; path = en.lproj/Main.strings; sourceTree = "<group>"; };
		F2C562012360F9B600062B1F /* Extension.swift */ = {isa = PBXFileReference; lastKnownFileType = sourcecode.swift; path = Extension.swift; sourceTree = "<group>"; };
		F2C562032360F9DF00062B1F /* MessageTableViewCell.swift */ = {isa = PBXFileReference; lastKnownFileType = sourcecode.swift; path = MessageTableViewCell.swift; sourceTree = "<group>"; };
		F2C562072360FA3700062B1F /* MqttManagerDelegate.swift */ = {isa = PBXFileReference; lastKnownFileType = sourcecode.swift; path = MqttManagerDelegate.swift; sourceTree = "<group>"; };
		F2C562092360FA8C00062B1F /* MqttSettings.swift */ = {isa = PBXFileReference; lastKnownFileType = sourcecode.swift; path = MqttSettings.swift; sourceTree = "<group>"; };
		F2E509172339006B00D6E53D /* FirebaseCore.framework */ = {isa = PBXFileReference; explicitFileType = wrapper.framework; path = FirebaseCore.framework; sourceTree = BUILT_PRODUCTS_DIR; };
		F2E5091B23391BBD00D6E53D /* GoogleService-Info.plist */ = {isa = PBXFileReference; fileEncoding = 4; lastKnownFileType = text.plist.xml; name = "GoogleService-Info.plist"; path = "../../../../Downloads/GoogleService-Info.plist"; sourceTree = "<group>"; };
		F2E5092323394CCC00D6E53D /* AlertController.swift */ = {isa = PBXFileReference; lastKnownFileType = sourcecode.swift; path = AlertController.swift; sourceTree = "<group>"; };
/* End PBXFileReference section */

/* Begin PBXFrameworksBuildPhase section */
		F29F9FFF23314C5B0049B7FC /* Frameworks */ = {
			isa = PBXFrameworksBuildPhase;
			buildActionMask = 2147483647;
			files = (
				F29FA00523314C5B0049B7FC /* NotificationCenter.framework in Frameworks */,
				FC49D0A0E7510E6DEE1BF6C4 /* Pods_widget.framework in Frameworks */,
			);
			runOnlyForDeploymentPostprocessing = 0;
		};
		F2B238A323282C1900F16C34 /* Frameworks */ = {
			isa = PBXFrameworksBuildPhase;
			buildActionMask = 2147483647;
			files = (
				C58ABE4AAF29DA3D861A1D2E /* Pods_AWMTest01.framework in Frameworks */,
			);
			runOnlyForDeploymentPostprocessing = 0;
		};
		F2B238B923282C1A00F16C34 /* Frameworks */ = {
			isa = PBXFrameworksBuildPhase;
			buildActionMask = 2147483647;
			files = (
				66D63FA48744D9D10018F131 /* Pods_AWMTest01Tests.framework in Frameworks */,
			);
			runOnlyForDeploymentPostprocessing = 0;
		};
/* End PBXFrameworksBuildPhase section */

/* Begin PBXGroup section */
		869C4369A6AB659A79A0C6B5 /* Pods */ = {
			isa = PBXGroup;
			children = (
				1A63FFB9ED6D6E7482E1E8F8 /* Pods-AWMTest01.debug.xcconfig */,
				A1CF895C068931AA4592E796 /* Pods-AWMTest01.release.xcconfig */,
				EBF1B26AFA2F92FC4CF4D246 /* Pods-AWMTest01Tests.debug.xcconfig */,
				9A942B9FA2E3CA479B4D0783 /* Pods-AWMTest01Tests.release.xcconfig */,
				D9F8A176AF6DC5285932D4CA /* Pods-widget.debug.xcconfig */,
				A820D8849F6190921D851694 /* Pods-widget.release.xcconfig */,
			);
			path = Pods;
			sourceTree = "<group>";
		};
		F24DF4EE2333C0270006AC85 /* Vistas Principales */ = {
			isa = PBXGroup;
			children = (
				F2B238AB23282C1900F16C34 /* FirstViewController.swift */,
				F2B238AD23282C1900F16C34 /* SecondViewController.swift */,
				F2B238CF232840E200F16C34 /* ThirdViewController.swift */,
			);
			path = "Vistas Principales";
			sourceTree = "<group>";
		};
		F24DF4EF2333C0690006AC85 /* Login */ = {
			isa = PBXGroup;
			children = (
				F24DF4F02333C0E50006AC85 /* SignInVC.swift */,
				F24DF4F22333C1120006AC85 /* SignUpVC.swift */,
				F24DF4F42333C1310006AC85 /* SignOutVC.swift */,
				F2E5092323394CCC00D6E53D /* AlertController.swift */,
			);
			path = Login;
			sourceTree = "<group>";
		};
		F250AAA4233F866300A4B28D /* Base de Datos */ = {
			isa = PBXGroup;
			children = (
				F251A3EB2344F4DE00098032 /* BaseDeDatos.swift */,
			);
			path = "Base de Datos";
			sourceTree = "<group>";
		};
		F2572B37236B727100E12843 /* Dispositivos  */ = {
			isa = PBXGroup;
			children = (
				F2940379236CD44F009D49F2 /* ConfiguracionDispositivo.swift */,
			);
			path = "Dispositivos ";
			sourceTree = "<group>";
		};
		F265B405235603A600A18B96 /* MQTT */ = {
			isa = PBXGroup;
			children = (
				F26E0CE423842B7C0026E109 /* LightMQTT.swift */,
				F288A16E23687DA7003970C5 /* TestMQTT.swift */,
				F2C562012360F9B600062B1F /* Extension.swift */,
				F2C562032360F9DF00062B1F /* MessageTableViewCell.swift */,
				F24DDD13236A1D7C00E3789A /* SettingsTableVC.swift */,
				F2C561F62360F64000062B1F /* mqttManager */,
			);
			path = MQTT;
			sourceTree = "<group>";
		};
		F29FA00323314C5B0049B7FC /* Frameworks */ = {
			isa = PBXGroup;
			children = (
				F2E509172339006B00D6E53D /* FirebaseCore.framework */,
				F283443123341A5C00E2122F /* FirebaseAuth.framework */,
				F283442F23341A5500E2122F /* FirebaseCore.framework */,
				F29FA00423314C5B0049B7FC /* NotificationCenter.framework */,
				E450DA8636A99DF0DEE28665 /* Pods_AWMTest01.framework */,
				8F61B105A33212C6E0309C54 /* Pods_AWMTest01Tests.framework */,
				B1DB051A6B763576494C59D9 /* Pods_widget.framework */,
			);
			name = Frameworks;
			sourceTree = "<group>";
		};
		F29FA00623314C5B0049B7FC /* widget */ = {
			isa = PBXGroup;
			children = (
				F29FA00723314C5B0049B7FC /* TodayViewController.swift */,
				F29FA00923314C5B0049B7FC /* MainInterface.storyboard */,
				F29FA00C23314C5B0049B7FC /* Info.plist */,
			);
			path = widget;
			sourceTree = "<group>";
		};
		F2B2389D23282C1900F16C34 = {
			isa = PBXGroup;
			children = (
				F2B238A823282C1900F16C34 /* AWMTest01 */,
				F2B238BF23282C1A00F16C34 /* AWMTest01Tests */,
				F29FA00623314C5B0049B7FC /* widget */,
				F29FA00323314C5B0049B7FC /* Frameworks */,
				F2B238A723282C1900F16C34 /* Products */,
				869C4369A6AB659A79A0C6B5 /* Pods */,
			);
			sourceTree = "<group>";
		};
		F2B238A723282C1900F16C34 /* Products */ = {
			isa = PBXGroup;
			children = (
				F2B238A623282C1900F16C34 /* AWMTest01.app */,
				F2B238BC23282C1A00F16C34 /* AWMTest01Tests.xctest */,
				F29FA00223314C5B0049B7FC /* widget.appex */,
			);
			name = Products;
			sourceTree = "<group>";
		};
		F2B238A823282C1900F16C34 /* AWMTest01 */ = {
			isa = PBXGroup;
			children = (
				F2572B37236B727100E12843 /* Dispositivos  */,
				F265B405235603A600A18B96 /* MQTT */,
				F250AAA4233F866300A4B28D /* Base de Datos */,
				F24DF4EF2333C0690006AC85 /* Login */,
				F24DF4EE2333C0270006AC85 /* Vistas Principales */,
				F2B238A923282C1900F16C34 /* AppDelegate.swift */,
				F2B238AF23282C1900F16C34 /* Main.storyboard */,
				F2B238B223282C1A00F16C34 /* Assets.xcassets */,
				F2B238B423282C1A00F16C34 /* LaunchScreen.storyboard */,
				F2B238B723282C1A00F16C34 /* Info.plist */,
				F2E5091B23391BBD00D6E53D /* GoogleService-Info.plist */,
			);
			path = AWMTest01;
			sourceTree = "<group>";
		};
		F2B238BF23282C1A00F16C34 /* AWMTest01Tests */ = {
			isa = PBXGroup;
			children = (
				F2B238C023282C1A00F16C34 /* AWMTest01Tests.swift */,
				F2B238C223282C1A00F16C34 /* Info.plist */,
			);
			path = AWMTest01Tests;
			sourceTree = "<group>";
		};
		F2C561F62360F64000062B1F /* mqttManager */ = {
			isa = PBXGroup;
			children = (
				F2C562072360FA3700062B1F /* MqttManagerDelegate.swift */,
				F2C562092360FA8C00062B1F /* MqttSettings.swift */,
			);
			path = mqttManager;
			sourceTree = "<group>";
		};
/* End PBXGroup section */

/* Begin PBXNativeTarget section */
		F29FA00123314C5B0049B7FC /* widget */ = {
			isa = PBXNativeTarget;
			buildConfigurationList = F29FA01023314C5B0049B7FC /* Build configuration list for PBXNativeTarget "widget" */;
			buildPhases = (
				45D20CBFC26EA7CFF67E179C /* [CP] Check Pods Manifest.lock */,
				F29F9FFE23314C5B0049B7FC /* Sources */,
				F29F9FFF23314C5B0049B7FC /* Frameworks */,
				F29FA00023314C5B0049B7FC /* Resources */,
			);
			buildRules = (
			);
			dependencies = (
			);
			name = widget;
			productName = widget;
			productReference = F29FA00223314C5B0049B7FC /* widget.appex */;
			productType = "com.apple.product-type.app-extension";
		};
		F2B238A523282C1900F16C34 /* AWMTest01 */ = {
			isa = PBXNativeTarget;
			buildConfigurationList = F2B238C523282C1A00F16C34 /* Build configuration list for PBXNativeTarget "AWMTest01" */;
			buildPhases = (
				BFB78D550A2DAE517E282677 /* [CP] Check Pods Manifest.lock */,
				F2B238A223282C1900F16C34 /* Sources */,
				F2B238A323282C1900F16C34 /* Frameworks */,
				F2B238A423282C1900F16C34 /* Resources */,
				F29FA01323314C5B0049B7FC /* Embed App Extensions */,
				09D09AA1263BCD2A2543E6F0 /* [CP] Embed Pods Frameworks */,
			);
			buildRules = (
			);
			dependencies = (
				F29FA00E23314C5B0049B7FC /* PBXTargetDependency */,
			);
			name = AWMTest01;
			productName = AWMTest01;
			productReference = F2B238A623282C1900F16C34 /* AWMTest01.app */;
			productType = "com.apple.product-type.application";
		};
		F2B238BB23282C1A00F16C34 /* AWMTest01Tests */ = {
			isa = PBXNativeTarget;
			buildConfigurationList = F2B238C823282C1A00F16C34 /* Build configuration list for PBXNativeTarget "AWMTest01Tests" */;
			buildPhases = (
				7C0DEEE5F895A158C930D956 /* [CP] Check Pods Manifest.lock */,
				F2B238B823282C1A00F16C34 /* Sources */,
				F2B238B923282C1A00F16C34 /* Frameworks */,
				F2B238BA23282C1A00F16C34 /* Resources */,
			);
			buildRules = (
			);
			dependencies = (
				F2B238BE23282C1A00F16C34 /* PBXTargetDependency */,
			);
			name = AWMTest01Tests;
			productName = AWMTest01Tests;
			productReference = F2B238BC23282C1A00F16C34 /* AWMTest01Tests.xctest */;
			productType = "com.apple.product-type.bundle.unit-test";
		};
/* End PBXNativeTarget section */

/* Begin PBXProject section */
		F2B2389E23282C1900F16C34 /* Project object */ = {
			isa = PBXProject;
			attributes = {
				LastSwiftUpdateCheck = 1000;
				LastUpgradeCheck = 1000;
				ORGANIZATIONNAME = "AWM Solutions";
				TargetAttributes = {
					F29FA00123314C5B0049B7FC = {
						CreatedOnToolsVersion = 10.0;
					};
					F2B238A523282C1900F16C34 = {
						CreatedOnToolsVersion = 10.0;
					};
					F2B238BB23282C1A00F16C34 = {
						CreatedOnToolsVersion = 10.0;
						TestTargetID = F2B238A523282C1900F16C34;
					};
				};
			};
			buildConfigurationList = F2B238A123282C1900F16C34 /* Build configuration list for PBXProject "AWMTest01" */;
			compatibilityVersion = "Xcode 9.3";
			developmentRegion = en;
			hasScannedForEncodings = 0;
			knownRegions = (
				en,
				Base,
			);
			mainGroup = F2B2389D23282C1900F16C34;
			productRefGroup = F2B238A723282C1900F16C34 /* Products */;
			projectDirPath = "";
			projectRoot = "";
			targets = (
				F2B238A523282C1900F16C34 /* AWMTest01 */,
				F2B238BB23282C1A00F16C34 /* AWMTest01Tests */,
				F29FA00123314C5B0049B7FC /* widget */,
			);
		};
/* End PBXProject section */

/* Begin PBXResourcesBuildPhase section */
		F29FA00023314C5B0049B7FC /* Resources */ = {
			isa = PBXResourcesBuildPhase;
			buildActionMask = 2147483647;
			files = (
				F29FA00B23314C5B0049B7FC /* MainInterface.storyboard in Resources */,
			);
			runOnlyForDeploymentPostprocessing = 0;
		};
		F2B238A423282C1900F16C34 /* Resources */ = {
			isa = PBXResourcesBuildPhase;
			buildActionMask = 2147483647;
			files = (
				F2B238B623282C1A00F16C34 /* LaunchScreen.storyboard in Resources */,
				F2E5091C23391BBD00D6E53D /* GoogleService-Info.plist in Resources */,
				F2B238B323282C1A00F16C34 /* Assets.xcassets in Resources */,
				F2B238B123282C1900F16C34 /* Main.storyboard in Resources */,
			);
			runOnlyForDeploymentPostprocessing = 0;
		};
		F2B238BA23282C1A00F16C34 /* Resources */ = {
			isa = PBXResourcesBuildPhase;
			buildActionMask = 2147483647;
			files = (
			);
			runOnlyForDeploymentPostprocessing = 0;
		};
/* End PBXResourcesBuildPhase section */

/* Begin PBXShellScriptBuildPhase section */
		09D09AA1263BCD2A2543E6F0 /* [CP] Embed Pods Frameworks */ = {
			isa = PBXShellScriptBuildPhase;
			buildActionMask = 2147483647;
			files = (
			);
			inputFileListPaths = (
				"${PODS_ROOT}/Target Support Files/Pods-AWMTest01/Pods-AWMTest01-frameworks-${CONFIGURATION}-input-files.xcfilelist",
			);
			name = "[CP] Embed Pods Frameworks";
			outputFileListPaths = (
				"${PODS_ROOT}/Target Support Files/Pods-AWMTest01/Pods-AWMTest01-frameworks-${CONFIGURATION}-output-files.xcfilelist",
			);
			runOnlyForDeploymentPostprocessing = 0;
			shellPath = /bin/sh;
			shellScript = "\"${PODS_ROOT}/Target Support Files/Pods-AWMTest01/Pods-AWMTest01-frameworks.sh\"\n";
			showEnvVarsInLog = 0;
		};
		45D20CBFC26EA7CFF67E179C /* [CP] Check Pods Manifest.lock */ = {
			isa = PBXShellScriptBuildPhase;
			buildActionMask = 2147483647;
			files = (
			);
			inputFileListPaths = (
			);
			inputPaths = (
				"${PODS_PODFILE_DIR_PATH}/Podfile.lock",
				"${PODS_ROOT}/Manifest.lock",
			);
			name = "[CP] Check Pods Manifest.lock";
			outputFileListPaths = (
			);
			outputPaths = (
				"$(DERIVED_FILE_DIR)/Pods-widget-checkManifestLockResult.txt",
			);
			runOnlyForDeploymentPostprocessing = 0;
			shellPath = /bin/sh;
			shellScript = "diff \"${PODS_PODFILE_DIR_PATH}/Podfile.lock\" \"${PODS_ROOT}/Manifest.lock\" > /dev/null\nif [ $? != 0 ] ; then\n    # print error to STDERR\n    echo \"error: The sandbox is not in sync with the Podfile.lock. Run 'pod install' or update your CocoaPods installation.\" >&2\n    exit 1\nfi\n# This output is used by Xcode 'outputs' to avoid re-running this script phase.\necho \"SUCCESS\" > \"${SCRIPT_OUTPUT_FILE_0}\"\n";
			showEnvVarsInLog = 0;
		};
		7C0DEEE5F895A158C930D956 /* [CP] Check Pods Manifest.lock */ = {
			isa = PBXShellScriptBuildPhase;
			buildActionMask = 2147483647;
			files = (
			);
			inputFileListPaths = (
			);
			inputPaths = (
				"${PODS_PODFILE_DIR_PATH}/Podfile.lock",
				"${PODS_ROOT}/Manifest.lock",
			);
			name = "[CP] Check Pods Manifest.lock";
			outputFileListPaths = (
			);
			outputPaths = (
				"$(DERIVED_FILE_DIR)/Pods-AWMTest01Tests-checkManifestLockResult.txt",
			);
			runOnlyForDeploymentPostprocessing = 0;
			shellPath = /bin/sh;
			shellScript = "diff \"${PODS_PODFILE_DIR_PATH}/Podfile.lock\" \"${PODS_ROOT}/Manifest.lock\" > /dev/null\nif [ $? != 0 ] ; then\n    # print error to STDERR\n    echo \"error: The sandbox is not in sync with the Podfile.lock. Run 'pod install' or update your CocoaPods installation.\" >&2\n    exit 1\nfi\n# This output is used by Xcode 'outputs' to avoid re-running this script phase.\necho \"SUCCESS\" > \"${SCRIPT_OUTPUT_FILE_0}\"\n";
			showEnvVarsInLog = 0;
		};
		BFB78D550A2DAE517E282677 /* [CP] Check Pods Manifest.lock */ = {
			isa = PBXShellScriptBuildPhase;
			buildActionMask = 2147483647;
			files = (
			);
			inputFileListPaths = (
			);
			inputPaths = (
				"${PODS_PODFILE_DIR_PATH}/Podfile.lock",
				"${PODS_ROOT}/Manifest.lock",
			);
			name = "[CP] Check Pods Manifest.lock";
			outputFileListPaths = (
			);
			outputPaths = (
				"$(DERIVED_FILE_DIR)/Pods-AWMTest01-checkManifestLockResult.txt",
			);
			runOnlyForDeploymentPostprocessing = 0;
			shellPath = /bin/sh;
			shellScript = "diff \"${PODS_PODFILE_DIR_PATH}/Podfile.lock\" \"${PODS_ROOT}/Manifest.lock\" > /dev/null\nif [ $? != 0 ] ; then\n    # print error to STDERR\n    echo \"error: The sandbox is not in sync with the Podfile.lock. Run 'pod install' or update your CocoaPods installation.\" >&2\n    exit 1\nfi\n# This output is used by Xcode 'outputs' to avoid re-running this script phase.\necho \"SUCCESS\" > \"${SCRIPT_OUTPUT_FILE_0}\"\n";
			showEnvVarsInLog = 0;
		};
/* End PBXShellScriptBuildPhase section */

/* Begin PBXSourcesBuildPhase section */
		F29F9FFE23314C5B0049B7FC /* Sources */ = {
			isa = PBXSourcesBuildPhase;
			buildActionMask = 2147483647;
			files = (
				F29FA00823314C5B0049B7FC /* TodayViewController.swift in Sources */,
			);
			runOnlyForDeploymentPostprocessing = 0;
		};
		F2B238A223282C1900F16C34 /* Sources */ = {
			isa = PBXSourcesBuildPhase;
			buildActionMask = 2147483647;
			files = (
				F2B238AE23282C1900F16C34 /* SecondViewController.swift in Sources */,
				F26E0CE523842B7C0026E109 /* LightMQTT.swift in Sources */,
				F24DDD14236A1D7C00E3789A /* SettingsTableVC.swift in Sources */,
				F251A3EC2344F4DE00098032 /* BaseDeDatos.swift in Sources */,
				F2B238AA23282C1900F16C34 /* AppDelegate.swift in Sources */,
				F2B238D0232840E200F16C34 /* ThirdViewController.swift in Sources */,
				F2C562022360F9B600062B1F /* Extension.swift in Sources */,
				F2C562082360FA3700062B1F /* MqttManagerDelegate.swift in Sources */,
				F2C5620A2360FA8C00062B1F /* MqttSettings.swift in Sources */,
				F2C562042360F9DF00062B1F /* MessageTableViewCell.swift in Sources */,
				F2B238AC23282C1900F16C34 /* FirstViewController.swift in Sources */,
				F2E5092423394CCC00D6E53D /* AlertController.swift in Sources */,
				F24DF4F32333C1120006AC85 /* SignUpVC.swift in Sources */,
				F24DF4F12333C0E50006AC85 /* SignInVC.swift in Sources */,
				F294037A236CD44F009D49F2 /* ConfiguracionDispositivo.swift in Sources */,
				F24DF4F52333C1310006AC85 /* SignOutVC.swift in Sources */,
				F288A16F23687DA7003970C5 /* TestMQTT.swift in Sources */,
			);
			runOnlyForDeploymentPostprocessing = 0;
		};
		F2B238B823282C1A00F16C34 /* Sources */ = {
			isa = PBXSourcesBuildPhase;
			buildActionMask = 2147483647;
			files = (
				F2B238C123282C1A00F16C34 /* AWMTest01Tests.swift in Sources */,
			);
			runOnlyForDeploymentPostprocessing = 0;
		};
/* End PBXSourcesBuildPhase section */

/* Begin PBXTargetDependency section */
		F29FA00E23314C5B0049B7FC /* PBXTargetDependency */ = {
			isa = PBXTargetDependency;
			target = F29FA00123314C5B0049B7FC /* widget */;
			targetProxy = F29FA00D23314C5B0049B7FC /* PBXContainerItemProxy */;
		};
		F2B238BE23282C1A00F16C34 /* PBXTargetDependency */ = {
			isa = PBXTargetDependency;
			target = F2B238A523282C1900F16C34 /* AWMTest01 */;
			targetProxy = F2B238BD23282C1A00F16C34 /* PBXContainerItemProxy */;
		};
/* End PBXTargetDependency section */

/* Begin PBXVariantGroup section */
		F29FA00923314C5B0049B7FC /* MainInterface.storyboard */ = {
			isa = PBXVariantGroup;
			children = (
				F29FA00A23314C5B0049B7FC /* Base */,
			);
			name = MainInterface.storyboard;
			sourceTree = "<group>";
		};
		F2B238AF23282C1900F16C34 /* Main.storyboard */ = {
			isa = PBXVariantGroup;
			children = (
				F2B238B023282C1900F16C34 /* Base */,
				F2B238D2232843C700F16C34 /* en */,
			);
			name = Main.storyboard;
			sourceTree = "<group>";
		};
		F2B238B423282C1A00F16C34 /* LaunchScreen.storyboard */ = {
			isa = PBXVariantGroup;
			children = (
				F2B238B523282C1A00F16C34 /* Base */,
			);
			name = LaunchScreen.storyboard;
			sourceTree = "<group>";
		};
/* End PBXVariantGroup section */

/* Begin XCBuildConfiguration section */
		F29FA01123314C5B0049B7FC /* Debug */ = {
			isa = XCBuildConfiguration;
			baseConfigurationReference = D9F8A176AF6DC5285932D4CA /* Pods-widget.debug.xcconfig */;
			buildSettings = {
				CLANG_USE_OPTIMIZATION_PROFILE = YES;
				CODE_SIGN_STYLE = Automatic;
				DEVELOPMENT_TEAM = QZ46U46VDH;
				INFOPLIST_FILE = widget/Info.plist;
				LD_RUNPATH_SEARCH_PATHS = (
					"$(inherited)",
					"@executable_path/Frameworks",
					"@executable_path/../../Frameworks",
				);
				PRODUCT_BUNDLE_IDENTIFIER = AWM.AWMTest01.widget;
				PRODUCT_NAME = "$(TARGET_NAME)";
				SKIP_INSTALL = YES;
				SWIFT_VERSION = 4.2;
				TARGETED_DEVICE_FAMILY = "1,2";
			};
			name = Debug;
		};
		F29FA01223314C5B0049B7FC /* Release */ = {
			isa = XCBuildConfiguration;
			baseConfigurationReference = A820D8849F6190921D851694 /* Pods-widget.release.xcconfig */;
			buildSettings = {
				CLANG_USE_OPTIMIZATION_PROFILE = YES;
				CODE_SIGN_STYLE = Automatic;
				DEVELOPMENT_TEAM = QZ46U46VDH;
				INFOPLIST_FILE = widget/Info.plist;
				LD_RUNPATH_SEARCH_PATHS = (
					"$(inherited)",
					"@executable_path/Frameworks",
					"@executable_path/../../Frameworks",
				);
				PRODUCT_BUNDLE_IDENTIFIER = AWM.AWMTest01.widget;
				PRODUCT_NAME = "$(TARGET_NAME)";
				SKIP_INSTALL = YES;
				SWIFT_VERSION = 4.2;
				TARGETED_DEVICE_FAMILY = "1,2";
			};
			name = Release;
		};
		F2B238C323282C1A00F16C34 /* Debug */ = {
			isa = XCBuildConfiguration;
			buildSettings = {
				ALWAYS_SEARCH_USER_PATHS = NO;
				CLANG_ANALYZER_NONNULL = YES;
				CLANG_ANALYZER_NUMBER_OBJECT_CONVERSION = YES_AGGRESSIVE;
				CLANG_CXX_LANGUAGE_STANDARD = "gnu++14";
				CLANG_CXX_LIBRARY = "libc++";
				CLANG_ENABLE_MODULES = YES;
				CLANG_ENABLE_OBJC_ARC = YES;
				CLANG_ENABLE_OBJC_WEAK = YES;
				CLANG_WARN_BLOCK_CAPTURE_AUTORELEASING = YES;
				CLANG_WARN_BOOL_CONVERSION = YES;
				CLANG_WARN_COMMA = YES;
				CLANG_WARN_CONSTANT_CONVERSION = YES;
				CLANG_WARN_DEPRECATED_OBJC_IMPLEMENTATIONS = YES;
				CLANG_WARN_DIRECT_OBJC_ISA_USAGE = YES_ERROR;
				CLANG_WARN_DOCUMENTATION_COMMENTS = YES;
				CLANG_WARN_EMPTY_BODY = YES;
				CLANG_WARN_ENUM_CONVERSION = YES;
				CLANG_WARN_INFINITE_RECURSION = YES;
				CLANG_WARN_INT_CONVERSION = YES;
				CLANG_WARN_NON_LITERAL_NULL_CONVERSION = YES;
				CLANG_WARN_OBJC_IMPLICIT_RETAIN_SELF = YES;
				CLANG_WARN_OBJC_LITERAL_CONVERSION = YES;
				CLANG_WARN_OBJC_ROOT_CLASS = YES_ERROR;
				CLANG_WARN_RANGE_LOOP_ANALYSIS = YES;
				CLANG_WARN_STRICT_PROTOTYPES = YES;
				CLANG_WARN_SUSPICIOUS_MOVE = YES;
				CLANG_WARN_UNGUARDED_AVAILABILITY = YES_AGGRESSIVE;
				CLANG_WARN_UNREACHABLE_CODE = YES;
				CLANG_WARN__DUPLICATE_METHOD_MATCH = YES;
				CODE_SIGN_IDENTITY = "iPhone Developer";
				COPY_PHASE_STRIP = NO;
				DEBUG_INFORMATION_FORMAT = dwarf;
				ENABLE_STRICT_OBJC_MSGSEND = YES;
				ENABLE_TESTABILITY = YES;
				GCC_C_LANGUAGE_STANDARD = gnu11;
				GCC_DYNAMIC_NO_PIC = NO;
				GCC_NO_COMMON_BLOCKS = YES;
				GCC_OPTIMIZATION_LEVEL = 0;
				GCC_PREPROCESSOR_DEFINITIONS = (
					"DEBUG=1",
					"$(inherited)",
				);
				GCC_WARN_64_TO_32_BIT_CONVERSION = YES;
				GCC_WARN_ABOUT_RETURN_TYPE = YES_ERROR;
				GCC_WARN_UNDECLARED_SELECTOR = YES;
				GCC_WARN_UNINITIALIZED_AUTOS = YES_AGGRESSIVE;
				GCC_WARN_UNUSED_FUNCTION = YES;
				GCC_WARN_UNUSED_VARIABLE = YES;
				IPHONEOS_DEPLOYMENT_TARGET = 12.0;
				MTL_ENABLE_DEBUG_INFO = INCLUDE_SOURCE;
				MTL_FAST_MATH = YES;
				ONLY_ACTIVE_ARCH = YES;
				SDKROOT = iphoneos;
				SWIFT_ACTIVE_COMPILATION_CONDITIONS = DEBUG;
				SWIFT_OPTIMIZATION_LEVEL = "-Onone";
			};
			name = Debug;
		};
		F2B238C423282C1A00F16C34 /* Release */ = {
			isa = XCBuildConfiguration;
			buildSettings = {
				ALWAYS_SEARCH_USER_PATHS = NO;
				CLANG_ANALYZER_NONNULL = YES;
				CLANG_ANALYZER_NUMBER_OBJECT_CONVERSION = YES_AGGRESSIVE;
				CLANG_CXX_LANGUAGE_STANDARD = "gnu++14";
				CLANG_CXX_LIBRARY = "libc++";
				CLANG_ENABLE_MODULES = YES;
				CLANG_ENABLE_OBJC_ARC = YES;
				CLANG_ENABLE_OBJC_WEAK = YES;
				CLANG_WARN_BLOCK_CAPTURE_AUTORELEASING = YES;
				CLANG_WARN_BOOL_CONVERSION = YES;
				CLANG_WARN_COMMA = YES;
				CLANG_WARN_CONSTANT_CONVERSION = YES;
				CLANG_WARN_DEPRECATED_OBJC_IMPLEMENTATIONS = YES;
				CLANG_WARN_DIRECT_OBJC_ISA_USAGE = YES_ERROR;
				CLANG_WARN_DOCUMENTATION_COMMENTS = YES;
				CLANG_WARN_EMPTY_BODY = YES;
				CLANG_WARN_ENUM_CONVERSION = YES;
				CLANG_WARN_INFINITE_RECURSION = YES;
				CLANG_WARN_INT_CONVERSION = YES;
				CLANG_WARN_NON_LITERAL_NULL_CONVERSION = YES;
				CLANG_WARN_OBJC_IMPLICIT_RETAIN_SELF = YES;
				CLANG_WARN_OBJC_LITERAL_CONVERSION = YES;
				CLANG_WARN_OBJC_ROOT_CLASS = YES_ERROR;
				CLANG_WARN_RANGE_LOOP_ANALYSIS = YES;
				CLANG_WARN_STRICT_PROTOTYPES = YES;
				CLANG_WARN_SUSPICIOUS_MOVE = YES;
				CLANG_WARN_UNGUARDED_AVAILABILITY = YES_AGGRESSIVE;
				CLANG_WARN_UNREACHABLE_CODE = YES;
				CLANG_WARN__DUPLICATE_METHOD_MATCH = YES;
				CODE_SIGN_IDENTITY = "iPhone Developer";
				COPY_PHASE_STRIP = NO;
				DEBUG_INFORMATION_FORMAT = "dwarf-with-dsym";
				ENABLE_NS_ASSERTIONS = NO;
				ENABLE_STRICT_OBJC_MSGSEND = YES;
				GCC_C_LANGUAGE_STANDARD = gnu11;
				GCC_NO_COMMON_BLOCKS = YES;
				GCC_WARN_64_TO_32_BIT_CONVERSION = YES;
				GCC_WARN_ABOUT_RETURN_TYPE = YES_ERROR;
				GCC_WARN_UNDECLARED_SELECTOR = YES;
				GCC_WARN_UNINITIALIZED_AUTOS = YES_AGGRESSIVE;
				GCC_WARN_UNUSED_FUNCTION = YES;
				GCC_WARN_UNUSED_VARIABLE = YES;
				IPHONEOS_DEPLOYMENT_TARGET = 12.0;
				MTL_ENABLE_DEBUG_INFO = NO;
				MTL_FAST_MATH = YES;
				SDKROOT = iphoneos;
				SWIFT_COMPILATION_MODE = wholemodule;
				SWIFT_OPTIMIZATION_LEVEL = "-O";
				VALIDATE_PRODUCT = YES;
			};
			name = Release;
		};
		F2B238C623282C1A00F16C34 /* Debug */ = {
			isa = XCBuildConfiguration;
			baseConfigurationReference = 1A63FFB9ED6D6E7482E1E8F8 /* Pods-AWMTest01.debug.xcconfig */;
			buildSettings = {
				ALWAYS_EMBED_SWIFT_STANDARD_LIBRARIES = YES;
				ASSETCATALOG_COMPILER_APPICON_NAME = AppIcon;
				CLANG_USE_OPTIMIZATION_PROFILE = YES;
				CODE_SIGN_STYLE = Automatic;
				DEVELOPMENT_TEAM = QZ46U46VDH;
				INFOPLIST_FILE = AWMTest01/Info.plist;
				IPHONEOS_DEPLOYMENT_TARGET = 12.0;
				LD_RUNPATH_SEARCH_PATHS = (
					"$(inherited)",
					"@executable_path/Frameworks",
				);
				PRODUCT_BUNDLE_IDENTIFIER = AWM.AWMTest01;
				PRODUCT_NAME = "$(TARGET_NAME)";
				SWIFT_REFLECTION_METADATA_LEVEL = none;
				SWIFT_VERSION = 4.2;
				TARGETED_DEVICE_FAMILY = "1,2";
			};
			name = Debug;
		};
		F2B238C723282C1A00F16C34 /* Release */ = {
			isa = XCBuildConfiguration;
			baseConfigurationReference = A1CF895C068931AA4592E796 /* Pods-AWMTest01.release.xcconfig */;
			buildSettings = {
				ALWAYS_EMBED_SWIFT_STANDARD_LIBRARIES = YES;
				ASSETCATALOG_COMPILER_APPICON_NAME = AppIcon;
				CLANG_USE_OPTIMIZATION_PROFILE = YES;
				CODE_SIGN_STYLE = Automatic;
				DEVELOPMENT_TEAM = QZ46U46VDH;
				INFOPLIST_FILE = AWMTest01/Info.plist;
				IPHONEOS_DEPLOYMENT_TARGET = 12.0;
				LD_RUNPATH_SEARCH_PATHS = (
					"$(inherited)",
					"@executable_path/Frameworks",
				);
				PRODUCT_BUNDLE_IDENTIFIER = AWM.AWMTest01;
				PRODUCT_NAME = "$(TARGET_NAME)";
				SWIFT_REFLECTION_METADATA_LEVEL = none;
				SWIFT_VERSION = 4.2;
				TARGETED_DEVICE_FAMILY = "1,2";
			};
			name = Release;
		};
		F2B238C923282C1A00F16C34 /* Debug */ = {
			isa = XCBuildConfiguration;
			baseConfigurationReference = EBF1B26AFA2F92FC4CF4D246 /* Pods-AWMTest01Tests.debug.xcconfig */;
			buildSettings = {
				ALWAYS_EMBED_SWIFT_STANDARD_LIBRARIES = YES;
				BUNDLE_LOADER = "$(TEST_HOST)";
				CODE_SIGN_STYLE = Automatic;
				DEVELOPMENT_TEAM = QZ46U46VDH;
				INFOPLIST_FILE = AWMTest01Tests/Info.plist;
				LD_RUNPATH_SEARCH_PATHS = (
					"$(inherited)",
					"@executable_path/Frameworks",
					"@loader_path/Frameworks",
				);
				PRODUCT_BUNDLE_IDENTIFIER = AWM.AWMTest01Tests;
				PRODUCT_NAME = "$(TARGET_NAME)";
				SWIFT_VERSION = 4.2;
				TARGETED_DEVICE_FAMILY = "1,2";
				TEST_HOST = "$(BUILT_PRODUCTS_DIR)/AWMTest01.app/AWMTest01";
			};
			name = Debug;
		};
		F2B238CA23282C1A00F16C34 /* Release */ = {
			isa = XCBuildConfiguration;
			baseConfigurationReference = 9A942B9FA2E3CA479B4D0783 /* Pods-AWMTest01Tests.release.xcconfig */;
			buildSettings = {
				ALWAYS_EMBED_SWIFT_STANDARD_LIBRARIES = YES;
				BUNDLE_LOADER = "$(TEST_HOST)";
				CODE_SIGN_STYLE = Automatic;
				DEVELOPMENT_TEAM = QZ46U46VDH;
				INFOPLIST_FILE = AWMTest01Tests/Info.plist;
				LD_RUNPATH_SEARCH_PATHS = (
					"$(inherited)",
					"@executable_path/Frameworks",
					"@loader_path/Frameworks",
				);
				PRODUCT_BUNDLE_IDENTIFIER = AWM.AWMTest01Tests;
				PRODUCT_NAME = "$(TARGET_NAME)";
				SWIFT_VERSION = 4.2;
				TARGETED_DEVICE_FAMILY = "1,2";
				TEST_HOST = "$(BUILT_PRODUCTS_DIR)/AWMTest01.app/AWMTest01";
			};
			name = Release;
		};
/* End XCBuildConfiguration section */

/* Begin XCConfigurationList section */
		F29FA01023314C5B0049B7FC /* Build configuration list for PBXNativeTarget "widget" */ = {
			isa = XCConfigurationList;
			buildConfigurations = (
				F29FA01123314C5B0049B7FC /* Debug */,
				F29FA01223314C5B0049B7FC /* Release */,
			);
			defaultConfigurationIsVisible = 0;
			defaultConfigurationName = Release;
		};
		F2B238A123282C1900F16C34 /* Build configuration list for PBXProject "AWMTest01" */ = {
			isa = XCConfigurationList;
			buildConfigurations = (
				F2B238C323282C1A00F16C34 /* Debug */,
				F2B238C423282C1A00F16C34 /* Release */,
			);
			defaultConfigurationIsVisible = 0;
			defaultConfigurationName = Release;
		};
		F2B238C523282C1A00F16C34 /* Build configuration list for PBXNativeTarget "AWMTest01" */ = {
			isa = XCConfigurationList;
			buildConfigurations = (
				F2B238C623282C1A00F16C34 /* Debug */,
				F2B238C723282C1A00F16C34 /* Release */,
			);
			defaultConfigurationIsVisible = 0;
			defaultConfigurationName = Release;
		};
		F2B238C823282C1A00F16C34 /* Build configuration list for PBXNativeTarget "AWMTest01Tests" */ = {
			isa = XCConfigurationList;
			buildConfigurations = (
				F2B238C923282C1A00F16C34 /* Debug */,
				F2B238CA23282C1A00F16C34 /* Release */,
			);
			defaultConfigurationIsVisible = 0;
			defaultConfigurationName = Release;
		};
/* End XCConfigurationList section */
	};
	rootObject = F2B2389E23282C1900F16C34 /* Project object */;
}
